
Microsoft Visual Studio Solution File, Format Version 12.00
# Visual Studio Version 16
VisualStudioVersion = 16.0.31402.337
MinimumVisualStudioVersion = 10.0.40219.1
Project("{8BC9CEB8-8B4A-11D0-8D11-00A0C91BC942}") = "CookingWithCPP", "CookingWithCPP\CookingWithCPP.vcxproj", "{46D74C6B-0208-4634-81FB-F0B3CC958DCA}"
EndProject
Project("{8BC9CEB8-8B4A-11D0-8D11-00A0C91BC942}") = "Core", "Core\Core.vcxproj", "{C1C34395-33FE-45C2-8737-0174B9835C9F}"
EndProject
Project("{8BC9CEB8-8B4A-11D0-8D11-00A0C91BC942}") = "Meatloaf", "Meatloaf\Meatloaf.vcxproj", "{B14538E5-44E8-49A3-8CED-DE394513FBDA}"
EndProject
Project("{8BC9CEB8-8B4A-11D0-8D11-00A0C91BC942}") = "Asparagus", "Asparagus\Asparagus.vcxproj", "{A68E5458-1365-44C4-82CF-5ADEAC0EAA14}"
EndProject
Project("{8BC9CEB8-8B4A-11D0-8D11-00A0C91BC942}") = "Cake", "Cake\Cake.vcxproj", "{D22BB5F2-F51E-4A33-B6A1-E1792D4575A9}"
EndProject
Project("{8BC9CEB8-8B4A-11D0-8D11-00A0C91BC942}") = "Customer", "Customer\Customer.vcxproj", "{CEA42AD3-A09C-47DC-82F0-506ECDF16772}"
EndProject
Project("{8BC9CEB8-8B4A-11D0-8D11-00A0C91BC942}") = "RestaurantOwner", "RestaurantOwner\RestaurantOwner.vcxproj", "{06D0BEEF-21D5-4696-8F1D-57269DD53C1F}"
EndProject
Project("{8BC9CEB8-8B4A-11D0-8D11-00A0C91BC942}") = "UITestApp", "UITestApp\UITestApp.vcxproj", "{B717FBAB-1387-4664-8C37-4F6CBF012FB1}"
EndProject
Project("{8BC9CEB8-8B4A-11D0-8D11-00A0C91BC942}") = "RestaurantObserver", "RestaurantObserver\RestaurantObserver.vcxproj", "{653D5E17-C882-4461-BECE-9E4786680AA2}"
EndProject
Project("{8BC9CEB8-8B4A-11D0-8D11-00A0C91BC942}") = "FoodOrder", "FoodOrder\FoodOrder.vcxproj", "{C13C9E45-2DB3-4F58-AC1A-73427B4B0036}"
EndProject
Project("{8BC9CEB8-8B4A-11D0-8D11-00A0C91BC942}") = "MockRestaurantOwner", "MockRestaurantOwner\MockRestaurantOwner.vcxproj", "{9867877A-A0A6-4E93-8B7C-A4F2F2AEC7F5}"
EndProject
Global
	GlobalSection(SolutionConfigurationPlatforms) = preSolution
		Debug|x64 = Debug|x64
		Debug|x86 = Debug|x86
		Release|x64 = Release|x64
		Release|x86 = Release|x86
	EndGlobalSection
	GlobalSection(ProjectConfigurationPlatforms) = postSolution
		{46D74C6B-0208-4634-81FB-F0B3CC958DCA}.Debug|x64.ActiveCfg = Debug|x64
		{46D74C6B-0208-4634-81FB-F0B3CC958DCA}.Debug|x64.Build.0 = Debug|x64
		{46D74C6B-0208-4634-81FB-F0B3CC958DCA}.Debug|x86.ActiveCfg = Debug|Win32
		{46D74C6B-0208-4634-81FB-F0B3CC958DCA}.Debug|x86.Build.0 = Debug|Win32
		{46D74C6B-0208-4634-81FB-F0B3CC958DCA}.Release|x64.ActiveCfg = Release|x64
		{46D74C6B-0208-4634-81FB-F0B3CC958DCA}.Release|x64.Build.0 = Release|x64
		{46D74C6B-0208-4634-81FB-F0B3CC958DCA}.Release|x86.ActiveCfg = Release|Win32
		{46D74C6B-0208-4634-81FB-F0B3CC958DCA}.Release|x86.Build.0 = Release|Win32
		{C1C34395-33FE-45C2-8737-0174B9835C9F}.Debug|x64.ActiveCfg = Debug|x64
		{C1C34395-33FE-45C2-8737-0174B9835C9F}.Debug|x64.Build.0 = Debug|x64
		{C1C34395-33FE-45C2-8737-0174B9835C9F}.Debug|x86.ActiveCfg = Debug|Win32
		{C1C34395-33FE-45C2-8737-0174B9835C9F}.Debug|x86.Build.0 = Debug|Win32
		{C1C34395-33FE-45C2-8737-0174B9835C9F}.Release|x64.ActiveCfg = Release|x64
		{C1C34395-33FE-45C2-8737-0174B9835C9F}.Release|x64.Build.0 = Release|x64
		{C1C34395-33FE-45C2-8737-0174B9835C9F}.Release|x86.ActiveCfg = Release|Win32
		{C1C34395-33FE-45C2-8737-0174B9835C9F}.Release|x86.Build.0 = Release|Win32
		{B14538E5-44E8-49A3-8CED-DE394513FBDA}.Debug|x64.ActiveCfg = Debug|x64
		{B14538E5-44E8-49A3-8CED-DE394513FBDA}.Debug|x64.Build.0 = Debug|x64
		{B14538E5-44E8-49A3-8CED-DE394513FBDA}.Debug|x86.ActiveCfg = Debug|Win32
		{B14538E5-44E8-49A3-8CED-DE394513FBDA}.Debug|x86.Build.0 = Debug|Win32
		{B14538E5-44E8-49A3-8CED-DE394513FBDA}.Release|x64.ActiveCfg = Release|x64
		{B14538E5-44E8-49A3-8CED-DE394513FBDA}.Release|x64.Build.0 = Release|x64
		{B14538E5-44E8-49A3-8CED-DE394513FBDA}.Release|x86.ActiveCfg = Release|Win32
		{B14538E5-44E8-49A3-8CED-DE394513FBDA}.Release|x86.Build.0 = Release|Win32
		{A68E5458-1365-44C4-82CF-5ADEAC0EAA14}.Debug|x64.ActiveCfg = Debug|x64
		{A68E5458-1365-44C4-82CF-5ADEAC0EAA14}.Debug|x64.Build.0 = Debug|x64
		{A68E5458-1365-44C4-82CF-5ADEAC0EAA14}.Debug|x86.ActiveCfg = Debug|Win32
		{A68E5458-1365-44C4-82CF-5ADEAC0EAA14}.Debug|x86.Build.0 = Debug|Win32
		{A68E5458-1365-44C4-82CF-5ADEAC0EAA14}.Release|x64.ActiveCfg = Release|x64
		{A68E5458-1365-44C4-82CF-5ADEAC0EAA14}.Release|x64.Build.0 = Release|x64
		{A68E5458-1365-44C4-82CF-5ADEAC0EAA14}.Release|x86.ActiveCfg = Release|Win32
		{A68E5458-1365-44C4-82CF-5ADEAC0EAA14}.Release|x86.Build.0 = Release|Win32
		{D22BB5F2-F51E-4A33-B6A1-E1792D4575A9}.Debug|x64.ActiveCfg = Debug|x64
		{D22BB5F2-F51E-4A33-B6A1-E1792D4575A9}.Debug|x64.Build.0 = Debug|x64
		{D22BB5F2-F51E-4A33-B6A1-E1792D4575A9}.Debug|x86.ActiveCfg = Debug|Win32
		{D22BB5F2-F51E-4A33-B6A1-E1792D4575A9}.Debug|x86.Build.0 = Debug|Win32
		{D22BB5F2-F51E-4A33-B6A1-E1792D4575A9}.Release|x64.ActiveCfg = Release|x64
		{D22BB5F2-F51E-4A33-B6A1-E1792D4575A9}.Release|x64.Build.0 = Release|x64
		{D22BB5F2-F51E-4A33-B6A1-E1792D4575A9}.Release|x86.ActiveCfg = Release|Win32
		{D22BB5F2-F51E-4A33-B6A1-E1792D4575A9}.Release|x86.Build.0 = Release|Win32
		{CEA42AD3-A09C-47DC-82F0-506ECDF16772}.Debug|x64.ActiveCfg = Debug|x64
		{CEA42AD3-A09C-47DC-82F0-506ECDF16772}.Debug|x64.Build.0 = Debug|x64
		{CEA42AD3-A09C-47DC-82F0-506ECDF16772}.Debug|x86.ActiveCfg = Debug|Win32
		{CEA42AD3-A09C-47DC-82F0-506ECDF16772}.Debug|x86.Build.0 = Debug|Win32
		{CEA42AD3-A09C-47DC-82F0-506ECDF16772}.Release|x64.ActiveCfg = Release|x64
		{CEA42AD3-A09C-47DC-82F0-506ECDF16772}.Release|x64.Build.0 = Release|x64
		{CEA42AD3-A09C-47DC-82F0-506ECDF16772}.Release|x86.ActiveCfg = Release|Win32
		{CEA42AD3-A09C-47DC-82F0-506ECDF16772}.Release|x86.Build.0 = Release|Win32
		{06D0BEEF-21D5-4696-8F1D-57269DD53C1F}.Debug|x64.ActiveCfg = Debug|x64
		{06D0BEEF-21D5-4696-8F1D-57269DD53C1F}.Debug|x64.Build.0 = Debug|x64
		{06D0BEEF-21D5-4696-8F1D-57269DD53C1F}.Debug|x86.ActiveCfg = Debug|Win32
		{06D0BEEF-21D5-4696-8F1D-57269DD53C1F}.Debug|x86.Build.0 = Debug|Win32
		{06D0BEEF-21D5-4696-8F1D-57269DD53C1F}.Release|x64.ActiveCfg = Release|x64
		{06D0BEEF-21D5-4696-8F1D-57269DD53C1F}.Release|x64.Build.0 = Release|x64
		{06D0BEEF-21D5-4696-8F1D-57269DD53C1F}.Release|x86.ActiveCfg = Release|Win32
		{06D0BEEF-21D5-4696-8F1D-57269DD53C1F}.Release|x86.Build.0 = Release|Win32
		{B717FBAB-1387-4664-8C37-4F6CBF012FB1}.Debug|x64.ActiveCfg = Debug|x64
		{B717FBAB-1387-4664-8C37-4F6CBF012FB1}.Debug|x64.Build.0 = Debug|x64
		{B717FBAB-1387-4664-8C37-4F6CBF012FB1}.Debug|x86.ActiveCfg = Debug|Win32
		{B717FBAB-1387-4664-8C37-4F6CBF012FB1}.Debug|x86.Build.0 = Debug|Win32
		{B717FBAB-1387-4664-8C37-4F6CBF012FB1}.Release|x64.ActiveCfg = Release|x64
		{B717FBAB-1387-4664-8C37-4F6CBF012FB1}.Release|x64.Build.0 = Release|x64
		{B717FBAB-1387-4664-8C37-4F6CBF012FB1}.Release|x86.ActiveCfg = Release|Win32
		{B717FBAB-1387-4664-8C37-4F6CBF012FB1}.Release|x86.Build.0 = Release|Win32
		{653D5E17-C882-4461-BECE-9E4786680AA2}.Debug|x64.ActiveCfg = Debug|x64
		{653D5E17-C882-4461-BECE-9E4786680AA2}.Debug|x64.Build.0 = Debug|x64
		{653D5E17-C882-4461-BECE-9E4786680AA2}.Debug|x86.ActiveCfg = Debug|Win32
		{653D5E17-C882-4461-BECE-9E4786680AA2}.Debug|x86.Build.0 = Debug|Win32
		{653D5E17-C882-4461-BECE-9E4786680AA2}.Release|x64.ActiveCfg = Release|x64
		{653D5E17-C882-4461-BECE-9E4786680AA2}.Release|x64.Build.0 = Release|x64
		{653D5E17-C882-4461-BECE-9E4786680AA2}.Release|x86.ActiveCfg = Release|Win32
		{653D5E17-C882-4461-BECE-9E4786680AA2}.Release|x86.Build.0 = Release|Win32
		{C13C9E45-2DB3-4F58-AC1A-73427B4B0036}.Debug|x64.ActiveCfg = Debug|x64
		{C13C9E45-2DB3-4F58-AC1A-73427B4B0036}.Debug|x64.Build.0 = Debug|x64
		{C13C9E45-2DB3-4F58-AC1A-73427B4B0036}.Debug|x86.ActiveCfg = Debug|Win32
		{C13C9E45-2DB3-4F58-AC1A-73427B4B0036}.Debug|x86.Build.0 = Debug|Win32
		{C13C9E45-2DB3-4F58-AC1A-73427B4B0036}.Release|x64.ActiveCfg = Release|x64
		{C13C9E45-2DB3-4F58-AC1A-73427B4B0036}.Release|x64.Build.0 = Release|x64
		{C13C9E45-2DB3-4F58-AC1A-73427B4B0036}.Release|x86.ActiveCfg = Release|Win32
		{C13C9E45-2DB3-4F58-AC1A-73427B4B0036}.Release|x86.Build.0 = Release|Win32
		{9867877A-A0A6-4E93-8B7C-A4F2F2AEC7F5}.Debug|x64.ActiveCfg = Debug|x64
		{9867877A-A0A6-4E93-8B7C-A4F2F2AEC7F5}.Debug|x64.Build.0 = Debug|x64
		{9867877A-A0A6-4E93-8B7C-A4F2F2AEC7F5}.Debug|x86.ActiveCfg = Debug|Win32
		{9867877A-A0A6-4E93-8B7C-A4F2F2AEC7F5}.Debug|x86.Build.0 = Debug|Win32
		{9867877A-A0A6-4E93-8B7C-A4F2F2AEC7F5}.Release|x64.ActiveCfg = Release|x64
		{9867877A-A0A6-4E93-8B7C-A4F2F2AEC7F5}.Release|x64.Build.0 = Release|x64
		{9867877A-A0A6-4E93-8B7C-A4F2F2AEC7F5}.Release|x86.ActiveCfg = Release|Win32
		{9867877A-A0A6-4E93-8B7C-A4F2F2AEC7F5}.Release|x86.Build.0 = Release|Win32
	EndGlobalSection
	GlobalSection(SolutionProperties) = preSolution
		HideSolutionNode = FALSE
	EndGlobalSection
	GlobalSection(ExtensibilityGlobals) = postSolution
		SolutionGuid = {BB774AA6-6C30-4834-81D1-B83785AAB840}
	EndGlobalSection
EndGlobal
